// !$*UTF8*$!
{
	archiveVersion = 1;
	classes = {
	};
	objectVersion = 46;
	objects = {

/* Begin PBXBuildFile section */
		812B66BC1F491AA90092663B /* Extensions.swift in Sources */ = {isa = PBXBuildFile; fileRef = 8194BF161D46C6F10081E4C3 /* Extensions.swift */; };
		812B66BD1F491AC80092663B /* MathematicalOperation.swift in Sources */ = {isa = PBXBuildFile; fileRef = 818CFB891DC59E66006511A9 /* MathematicalOperation.swift */; };
		81656B3D1D44463400B58D0B /* AppDelegate.swift in Sources */ = {isa = PBXBuildFile; fileRef = 81656B3C1D44463400B58D0B /* AppDelegate.swift */; };
		81656B3F1D44463400B58D0B /* CalculatorViewController.swift in Sources */ = {isa = PBXBuildFile; fileRef = 81656B3E1D44463400B58D0B /* CalculatorViewController.swift */; };
		81656B421D44463400B58D0B /* Main.storyboard in Resources */ = {isa = PBXBuildFile; fileRef = 81656B401D44463400B58D0B /* Main.storyboard */; };
		81656B471D44463500B58D0B /* Assets.xcassets in Resources */ = {isa = PBXBuildFile; fileRef = 81656B461D44463500B58D0B /* Assets.xcassets */; };
		81656B4A1D44463500B58D0B /* LaunchScreen.storyboard in Resources */ = {isa = PBXBuildFile; fileRef = 81656B481D44463500B58D0B /* LaunchScreen.storyboard */; };
		8177113D1ED8A269008D5BBA /* CoreDataModel.xcdatamodeld in Sources */ = {isa = PBXBuildFile; fileRef = 8177113B1ED8A269008D5BBA /* CoreDataModel.xcdatamodeld */; };
		818CFB881DC59BCE006511A9 /* OperationHistoryCell.swift in Sources */ = {isa = PBXBuildFile; fileRef = 818CFB871DC59BCE006511A9 /* OperationHistoryCell.swift */; };
		818CFB8A1DC59E66006511A9 /* MathematicalOperation.swift in Sources */ = {isa = PBXBuildFile; fileRef = 818CFB891DC59E66006511A9 /* MathematicalOperation.swift */; };
		8190A3111F48B42300BD5A80 /* Calculator.swift in Sources */ = {isa = PBXBuildFile; fileRef = 8194BF141D45835B0081E4C3 /* Calculator.swift */; };
		8194BF151D45835B0081E4C3 /* Calculator.swift in Sources */ = {isa = PBXBuildFile; fileRef = 8194BF141D45835B0081E4C3 /* Calculator.swift */; };
		8194BF171D46C6F10081E4C3 /* Extensions.swift in Sources */ = {isa = PBXBuildFile; fileRef = 8194BF161D46C6F10081E4C3 /* Extensions.swift */; };
		819848151F4A9CE600FCE6A9 /* CalculatorTests.swift in Sources */ = {isa = PBXBuildFile; fileRef = 819848141F4A9CE600FCE6A9 /* CalculatorTests.swift */; };
		819848161F4A9D1D00FCE6A9 /* Calculator.swift in Sources */ = {isa = PBXBuildFile; fileRef = 8194BF141D45835B0081E4C3 /* Calculator.swift */; };
		819848171F4A9D2F00FCE6A9 /* Extensions.swift in Sources */ = {isa = PBXBuildFile; fileRef = 8194BF161D46C6F10081E4C3 /* Extensions.swift */; };
		81E34B8B1DC6983B0088F047 /* CoreData.framework in Frameworks */ = {isa = PBXBuildFile; fileRef = 81E34B8A1DC6983B0088F047 /* CoreData.framework */; };
		81E4CDF81E022185000BCBB1 /* Interface.storyboard in Resources */ = {isa = PBXBuildFile; fileRef = 81E4CDF61E022185000BCBB1 /* Interface.storyboard */; };
		81E4CDFA1E022185000BCBB1 /* Assets.xcassets in Resources */ = {isa = PBXBuildFile; fileRef = 81E4CDF91E022185000BCBB1 /* Assets.xcassets */; };
		81E4CE011E022185000BCBB1 /* Calculator_Watch Extension.appex in Embed App Extensions */ = {isa = PBXBuildFile; fileRef = 81E4CE001E022185000BCBB1 /* Calculator_Watch Extension.appex */; settings = {ATTRIBUTES = (RemoveHeadersOnCopy, ); }; };
		81E4CE061E022185000BCBB1 /* InterfaceController.swift in Sources */ = {isa = PBXBuildFile; fileRef = 81E4CE051E022185000BCBB1 /* InterfaceController.swift */; };
		81E4CE081E022185000BCBB1 /* ExtensionDelegate.swift in Sources */ = {isa = PBXBuildFile; fileRef = 81E4CE071E022185000BCBB1 /* ExtensionDelegate.swift */; };
		81E4CE0A1E022185000BCBB1 /* Assets.xcassets in Resources */ = {isa = PBXBuildFile; fileRef = 81E4CE091E022185000BCBB1 /* Assets.xcassets */; };
		81E4CE0E1E022185000BCBB1 /* Calculator_Watch.app in Embed Watch Content */ = {isa = PBXBuildFile; fileRef = 81E4CDF41E022185000BCBB1 /* Calculator_Watch.app */; };
/* End PBXBuildFile section */

/* Begin PBXContainerItemProxy section */
		8198480E1F4A9CC900FCE6A9 /* PBXContainerItemProxy */ = {
			isa = PBXContainerItemProxy;
			containerPortal = 81656B311D44463400B58D0B /* Project object */;
			proxyType = 1;
			remoteGlobalIDString = 81656B381D44463400B58D0B;
			remoteInfo = Calculator;
		};
		81E4CE021E022185000BCBB1 /* PBXContainerItemProxy */ = {
			isa = PBXContainerItemProxy;
			containerPortal = 81656B311D44463400B58D0B /* Project object */;
			proxyType = 1;
			remoteGlobalIDString = 81E4CDFF1E022185000BCBB1;
			remoteInfo = "Calculator_Watch Extension";
		};
		81E4CE0C1E022185000BCBB1 /* PBXContainerItemProxy */ = {
			isa = PBXContainerItemProxy;
			containerPortal = 81656B311D44463400B58D0B /* Project object */;
			proxyType = 1;
			remoteGlobalIDString = 81E4CDF31E022185000BCBB1;
			remoteInfo = Calculator_Watch;
		};
/* End PBXContainerItemProxy section */

/* Begin PBXCopyFilesBuildPhase section */
		81E4CE141E022185000BCBB1 /* Embed App Extensions */ = {
			isa = PBXCopyFilesBuildPhase;
			buildActionMask = 2147483647;
			dstPath = "";
			dstSubfolderSpec = 13;
			files = (
				81E4CE011E022185000BCBB1 /* Calculator_Watch Extension.appex in Embed App Extensions */,
			);
			name = "Embed App Extensions";
			runOnlyForDeploymentPostprocessing = 0;
		};
		81E4CE161E022185000BCBB1 /* Embed Watch Content */ = {
			isa = PBXCopyFilesBuildPhase;
			buildActionMask = 2147483647;
			dstPath = "$(CONTENTS_FOLDER_PATH)/Watch";
			dstSubfolderSpec = 16;
			files = (
				81E4CE0E1E022185000BCBB1 /* Calculator_Watch.app in Embed Watch Content */,
			);
			name = "Embed Watch Content";
			runOnlyForDeploymentPostprocessing = 0;
		};
/* End PBXCopyFilesBuildPhase section */

/* Begin PBXFileReference section */
		81656B391D44463400B58D0B /* Calculator.app */ = {isa = PBXFileReference; explicitFileType = wrapper.application; includeInIndex = 0; path = Calculator.app; sourceTree = BUILT_PRODUCTS_DIR; };
		81656B3C1D44463400B58D0B /* AppDelegate.swift */ = {isa = PBXFileReference; lastKnownFileType = sourcecode.swift; path = AppDelegate.swift; sourceTree = "<group>"; };
		81656B3E1D44463400B58D0B /* CalculatorViewController.swift */ = {isa = PBXFileReference; lastKnownFileType = sourcecode.swift; path = CalculatorViewController.swift; sourceTree = "<group>"; };
		81656B411D44463400B58D0B /* Base */ = {isa = PBXFileReference; lastKnownFileType = file.storyboard; name = Base; path = Base.lproj/Main.storyboard; sourceTree = "<group>"; };
		81656B461D44463500B58D0B /* Assets.xcassets */ = {isa = PBXFileReference; lastKnownFileType = folder.assetcatalog; path = Assets.xcassets; sourceTree = "<group>"; };
		81656B491D44463500B58D0B /* Base */ = {isa = PBXFileReference; lastKnownFileType = file.storyboard; name = Base; path = Base.lproj/LaunchScreen.storyboard; sourceTree = "<group>"; };
		81656B4B1D44463500B58D0B /* Info.plist */ = {isa = PBXFileReference; lastKnownFileType = text.plist.xml; path = Info.plist; sourceTree = "<group>"; };
		8177113C1ED8A269008D5BBA /* CoreDataModel.xcdatamodel */ = {isa = PBXFileReference; lastKnownFileType = wrapper.xcdatamodel; path = CoreDataModel.xcdatamodel; sourceTree = "<group>"; };
		818CFB871DC59BCE006511A9 /* OperationHistoryCell.swift */ = {isa = PBXFileReference; fileEncoding = 4; lastKnownFileType = sourcecode.swift; path = OperationHistoryCell.swift; sourceTree = "<group>"; };
		818CFB891DC59E66006511A9 /* MathematicalOperation.swift */ = {isa = PBXFileReference; fileEncoding = 4; lastKnownFileType = sourcecode.swift; path = MathematicalOperation.swift; sourceTree = "<group>"; };
		8194BF141D45835B0081E4C3 /* Calculator.swift */ = {isa = PBXFileReference; fileEncoding = 4; lastKnownFileType = sourcecode.swift; path = Calculator.swift; sourceTree = "<group>"; };
		8194BF161D46C6F10081E4C3 /* Extensions.swift */ = {isa = PBXFileReference; fileEncoding = 4; lastKnownFileType = sourcecode.swift; path = Extensions.swift; sourceTree = "<group>"; };
		819848091F4A9CC900FCE6A9 /* CalculatorTests.xctest */ = {isa = PBXFileReference; explicitFileType = wrapper.cfbundle; includeInIndex = 0; path = CalculatorTests.xctest; sourceTree = BUILT_PRODUCTS_DIR; };
		8198480D1F4A9CC900FCE6A9 /* Info.plist */ = {isa = PBXFileReference; lastKnownFileType = text.plist.xml; path = Info.plist; sourceTree = "<group>"; };
		819848131F4A9CE600FCE6A9 /* CalculatorTests-Bridging-Header.h */ = {isa = PBXFileReference; lastKnownFileType = sourcecode.c.h; path = "CalculatorTests-Bridging-Header.h"; sourceTree = "<group>"; };
		819848141F4A9CE600FCE6A9 /* CalculatorTests.swift */ = {isa = PBXFileReference; lastKnownFileType = sourcecode.swift; path = CalculatorTests.swift; sourceTree = "<group>"; };
		81BF54891DF14A3D00D9D37F /* Tests.playground */ = {isa = PBXFileReference; lastKnownFileType = file.playground; path = Tests.playground; sourceTree = "<group>"; xcLanguageSpecificationIdentifier = xcode.lang.swift; };
		81E34B8A1DC6983B0088F047 /* CoreData.framework */ = {isa = PBXFileReference; lastKnownFileType = wrapper.framework; name = CoreData.framework; path = System/Library/Frameworks/CoreData.framework; sourceTree = SDKROOT; };
		81E4CDF41E022185000BCBB1 /* Calculator_Watch.app */ = {isa = PBXFileReference; explicitFileType = wrapper.application; includeInIndex = 0; path = Calculator_Watch.app; sourceTree = BUILT_PRODUCTS_DIR; };
		81E4CDF71E022185000BCBB1 /* Base */ = {isa = PBXFileReference; lastKnownFileType = file.storyboard; name = Base; path = Base.lproj/Interface.storyboard; sourceTree = "<group>"; };
		81E4CDF91E022185000BCBB1 /* Assets.xcassets */ = {isa = PBXFileReference; lastKnownFileType = folder.assetcatalog; path = Assets.xcassets; sourceTree = "<group>"; };
		81E4CDFB1E022185000BCBB1 /* Info.plist */ = {isa = PBXFileReference; lastKnownFileType = text.plist.xml; path = Info.plist; sourceTree = "<group>"; };
		81E4CE001E022185000BCBB1 /* Calculator_Watch Extension.appex */ = {isa = PBXFileReference; explicitFileType = "wrapper.app-extension"; includeInIndex = 0; path = "Calculator_Watch Extension.appex"; sourceTree = BUILT_PRODUCTS_DIR; };
		81E4CE051E022185000BCBB1 /* InterfaceController.swift */ = {isa = PBXFileReference; lastKnownFileType = sourcecode.swift; path = InterfaceController.swift; sourceTree = "<group>"; };
		81E4CE071E022185000BCBB1 /* ExtensionDelegate.swift */ = {isa = PBXFileReference; lastKnownFileType = sourcecode.swift; path = ExtensionDelegate.swift; sourceTree = "<group>"; };
		81E4CE091E022185000BCBB1 /* Assets.xcassets */ = {isa = PBXFileReference; lastKnownFileType = folder.assetcatalog; path = Assets.xcassets; sourceTree = "<group>"; };
		81E4CE0B1E022185000BCBB1 /* Info.plist */ = {isa = PBXFileReference; lastKnownFileType = text.plist.xml; path = Info.plist; sourceTree = "<group>"; };
/* End PBXFileReference section */

/* Begin PBXFrameworksBuildPhase section */
		6080108B8D1816FD7E04A52C /* Frameworks */ = {
			isa = PBXFrameworksBuildPhase;
			buildActionMask = 2147483647;
			files = (
			);
			runOnlyForDeploymentPostprocessing = 0;
		};
		81656B361D44463400B58D0B /* Frameworks */ = {
			isa = PBXFrameworksBuildPhase;
			buildActionMask = 2147483647;
			files = (
				81E34B8B1DC6983B0088F047 /* CoreData.framework in Frameworks */,
			);
			runOnlyForDeploymentPostprocessing = 0;
		};
		819848061F4A9CC900FCE6A9 /* Frameworks */ = {
			isa = PBXFrameworksBuildPhase;
			buildActionMask = 2147483647;
			files = (
			);
			runOnlyForDeploymentPostprocessing = 0;
		};
		81E4CDFD1E022185000BCBB1 /* Frameworks */ = {
			isa = PBXFrameworksBuildPhase;
			buildActionMask = 2147483647;
			files = (
			);
			runOnlyForDeploymentPostprocessing = 0;
		};
/* End PBXFrameworksBuildPhase section */

/* Begin PBXGroup section */
		813F49D21DC6C5C1004B894B /* Calculator */ = {
			isa = PBXGroup;
			children = (
				8194BF141D45835B0081E4C3 /* Calculator.swift */,
				818CFB891DC59E66006511A9 /* MathematicalOperation.swift */,
			);
			name = Calculator;
			sourceTree = "<group>";
		};
		813F49D31DC6C5CE004B894B /* UI */ = {
			isa = PBXGroup;
			children = (
				81656B3E1D44463400B58D0B /* CalculatorViewController.swift */,
				818CFB871DC59BCE006511A9 /* OperationHistoryCell.swift */,
			);
			name = UI;
			sourceTree = "<group>";
		};
		813F49D41DC6C5E0004B894B /* CoreData */ = {
			isa = PBXGroup;
			children = (
				8177113B1ED8A269008D5BBA /* CoreDataModel.xcdatamodeld */,
			);
			name = CoreData;
			sourceTree = "<group>";
		};
		813F49D51DC6C5F0004B894B /* StoryBoards */ = {
			isa = PBXGroup;
			children = (
				81656B401D44463400B58D0B /* Main.storyboard */,
				81656B481D44463500B58D0B /* LaunchScreen.storyboard */,
			);
			name = StoryBoards;
			sourceTree = "<group>";
		};
		81656B301D44463400B58D0B = {
			isa = PBXGroup;
			children = (
				81656B3B1D44463400B58D0B /* Calculator */,
				81E4CDF51E022185000BCBB1 /* Calculator_Watch */,
				81E4CE041E022185000BCBB1 /* Calculator_Watch Extension */,
				8198480A1F4A9CC900FCE6A9 /* CalculatorTests */,
				81656B3A1D44463400B58D0B /* Products */,
				81E34B891DC6983B0088F047 /* Frameworks */,
			);
			sourceTree = "<group>";
		};
		81656B3A1D44463400B58D0B /* Products */ = {
			isa = PBXGroup;
			children = (
				81656B391D44463400B58D0B /* Calculator.app */,
				81E4CDF41E022185000BCBB1 /* Calculator_Watch.app */,
				81E4CE001E022185000BCBB1 /* Calculator_Watch Extension.appex */,
				819848091F4A9CC900FCE6A9 /* CalculatorTests.xctest */,
			);
			name = Products;
			sourceTree = "<group>";
		};
		81656B3B1D44463400B58D0B /* Calculator */ = {
			isa = PBXGroup;
			children = (
				81656B3C1D44463400B58D0B /* AppDelegate.swift */,
				813F49D31DC6C5CE004B894B /* UI */,
				813F49D21DC6C5C1004B894B /* Calculator */,
				813F49D41DC6C5E0004B894B /* CoreData */,
				8194BF161D46C6F10081E4C3 /* Extensions.swift */,
				81656B461D44463500B58D0B /* Assets.xcassets */,
				81656B4B1D44463500B58D0B /* Info.plist */,
				81BF54891DF14A3D00D9D37F /* Tests.playground */,
				813F49D51DC6C5F0004B894B /* StoryBoards */,
			);
			path = Calculator;
			sourceTree = "<group>";
		};
		8198480A1F4A9CC900FCE6A9 /* CalculatorTests */ = {
			isa = PBXGroup;
			children = (
				8198480D1F4A9CC900FCE6A9 /* Info.plist */,
				819848141F4A9CE600FCE6A9 /* CalculatorTests.swift */,
				819848131F4A9CE600FCE6A9 /* CalculatorTests-Bridging-Header.h */,
			);
			path = CalculatorTests;
			sourceTree = "<group>";
		};
		81E34B891DC6983B0088F047 /* Frameworks */ = {
			isa = PBXGroup;
			children = (
				81E34B8A1DC6983B0088F047 /* CoreData.framework */,
			);
			name = Frameworks;
			sourceTree = "<group>";
		};
		81E4CDF51E022185000BCBB1 /* Calculator_Watch */ = {
			isa = PBXGroup;
			children = (
				81E4CDF61E022185000BCBB1 /* Interface.storyboard */,
				81E4CDF91E022185000BCBB1 /* Assets.xcassets */,
				81E4CDFB1E022185000BCBB1 /* Info.plist */,
			);
			path = Calculator_Watch;
			sourceTree = "<group>";
		};
		81E4CE041E022185000BCBB1 /* Calculator_Watch Extension */ = {
			isa = PBXGroup;
			children = (
				81E4CE051E022185000BCBB1 /* InterfaceController.swift */,
				81E4CE071E022185000BCBB1 /* ExtensionDelegate.swift */,
				81E4CE091E022185000BCBB1 /* Assets.xcassets */,
				81E4CE0B1E022185000BCBB1 /* Info.plist */,
			);
			path = "Calculator_Watch Extension";
			sourceTree = "<group>";
		};
/* End PBXGroup section */

/* Begin PBXNativeTarget section */
		81656B381D44463400B58D0B /* Calculator */ = {
			isa = PBXNativeTarget;
			buildConfigurationList = 81656B641D44463500B58D0B /* Build configuration list for PBXNativeTarget "Calculator" */;
			buildPhases = (
				81656B351D44463400B58D0B /* Sources */,
				81656B361D44463400B58D0B /* Frameworks */,
				81656B371D44463400B58D0B /* Resources */,
				81E4CE161E022185000BCBB1 /* Embed Watch Content */,
			);
			buildRules = (
			);
			dependencies = (
				81E4CE0D1E022185000BCBB1 /* PBXTargetDependency */,
			);
			name = Calculator;
			productName = Calculator;
			productReference = 81656B391D44463400B58D0B /* Calculator.app */;
			productType = "com.apple.product-type.application";
		};
		819848081F4A9CC900FCE6A9 /* CalculatorTests */ = {
			isa = PBXNativeTarget;
			buildConfigurationList = 819848101F4A9CC900FCE6A9 /* Build configuration list for PBXNativeTarget "CalculatorTests" */;
			buildPhases = (
				819848051F4A9CC900FCE6A9 /* Sources */,
				819848061F4A9CC900FCE6A9 /* Frameworks */,
				819848071F4A9CC900FCE6A9 /* Resources */,
			);
			buildRules = (
			);
			dependencies = (
				8198480F1F4A9CC900FCE6A9 /* PBXTargetDependency */,
			);
			name = CalculatorTests;
			productName = CalculatorTests;
			productReference = 819848091F4A9CC900FCE6A9 /* CalculatorTests.xctest */;
			productType = "com.apple.product-type.bundle.unit-test";
		};
		81E4CDF31E022185000BCBB1 /* Calculator_Watch */ = {
			isa = PBXNativeTarget;
			buildConfigurationList = 81E4CE151E022185000BCBB1 /* Build configuration list for PBXNativeTarget "Calculator_Watch" */;
			buildPhases = (
				81E4CDF21E022185000BCBB1 /* Resources */,
				81E4CE141E022185000BCBB1 /* Embed App Extensions */,
				6080108B8D1816FD7E04A52C /* Frameworks */,
			);
			buildRules = (
			);
			dependencies = (
				81E4CE031E022185000BCBB1 /* PBXTargetDependency */,
			);
			name = Calculator_Watch;
			productName = Calculator_Watch;
			productReference = 81E4CDF41E022185000BCBB1 /* Calculator_Watch.app */;
			productType = "com.apple.product-type.application.watchapp2";
		};
		81E4CDFF1E022185000BCBB1 /* Calculator_Watch Extension */ = {
			isa = PBXNativeTarget;
			buildConfigurationList = 81E4CE131E022185000BCBB1 /* Build configuration list for PBXNativeTarget "Calculator_Watch Extension" */;
			buildPhases = (
				81E4CDFC1E022185000BCBB1 /* Sources */,
				81E4CDFD1E022185000BCBB1 /* Frameworks */,
				81E4CDFE1E022185000BCBB1 /* Resources */,
			);
			buildRules = (
			);
			dependencies = (
			);
			name = "Calculator_Watch Extension";
			productName = "Calculator_Watch Extension";
			productReference = 81E4CE001E022185000BCBB1 /* Calculator_Watch Extension.appex */;
			productType = "com.apple.product-type.watchkit2-extension";
		};
/* End PBXNativeTarget section */

/* Begin PBXProject section */
		81656B311D44463400B58D0B /* Project object */ = {
			isa = PBXProject;
			attributes = {
				LastSwiftUpdateCheck = 0900;
				LastUpgradeCheck = 0900;
				ORGANIZATIONNAME = "Brandon Phan";
				TargetAttributes = {
					81656B381D44463400B58D0B = {
						CreatedOnToolsVersion = 8.0;
						DevelopmentTeam = 4VGZ98QQBU;
						DevelopmentTeamName = "Brandon Phan (Personal Team)";
						LastSwiftMigration = 0900;
						ProvisioningStyle = Automatic;
					};
					819848081F4A9CC900FCE6A9 = {
						CreatedOnToolsVersion = 9.0;
						DevelopmentTeam = 4VGZ98QQBU;
						LastSwiftMigration = 0900;
						TestTargetID = 81656B381D44463400B58D0B;
					};
					81E4CDF31E022185000BCBB1 = {
						CreatedOnToolsVersion = 8.2;
						DevelopmentTeam = 4VGZ98QQBU;
						LastSwiftMigration = 0900;
						ProvisioningStyle = Automatic;
					};
					81E4CDFF1E022185000BCBB1 = {
						CreatedOnToolsVersion = 8.2;
						DevelopmentTeam = 4VGZ98QQBU;
						LastSwiftMigration = 0900;
						ProvisioningStyle = Automatic;
					};
				};
			};
			buildConfigurationList = 81656B341D44463400B58D0B /* Build configuration list for PBXProject "Calculator" */;
			compatibilityVersion = "Xcode 3.2";
			developmentRegion = English;
			hasScannedForEncodings = 0;
			knownRegions = (
				en,
				Base,
			);
			mainGroup = 81656B301D44463400B58D0B;
			productRefGroup = 81656B3A1D44463400B58D0B /* Products */;
			projectDirPath = "";
			projectRoot = "";
			targets = (
				81656B381D44463400B58D0B /* Calculator */,
				81E4CDF31E022185000BCBB1 /* Calculator_Watch */,
				81E4CDFF1E022185000BCBB1 /* Calculator_Watch Extension */,
				819848081F4A9CC900FCE6A9 /* CalculatorTests */,
			);
		};
/* End PBXProject section */

/* Begin PBXResourcesBuildPhase section */
		81656B371D44463400B58D0B /* Resources */ = {
			isa = PBXResourcesBuildPhase;
			buildActionMask = 2147483647;
			files = (
				81656B4A1D44463500B58D0B /* LaunchScreen.storyboard in Resources */,
				81656B471D44463500B58D0B /* Assets.xcassets in Resources */,
				81656B421D44463400B58D0B /* Main.storyboard in Resources */,
			);
			runOnlyForDeploymentPostprocessing = 0;
		};
		819848071F4A9CC900FCE6A9 /* Resources */ = {
			isa = PBXResourcesBuildPhase;
			buildActionMask = 2147483647;
			files = (
			);
			runOnlyForDeploymentPostprocessing = 0;
		};
		81E4CDF21E022185000BCBB1 /* Resources */ = {
			isa = PBXResourcesBuildPhase;
			buildActionMask = 2147483647;
			files = (
				81E4CDFA1E022185000BCBB1 /* Assets.xcassets in Resources */,
				81E4CDF81E022185000BCBB1 /* Interface.storyboard in Resources */,
			);
			runOnlyForDeploymentPostprocessing = 0;
		};
		81E4CDFE1E022185000BCBB1 /* Resources */ = {
			isa = PBXResourcesBuildPhase;
			buildActionMask = 2147483647;
			files = (
				81E4CE0A1E022185000BCBB1 /* Assets.xcassets in Resources */,
			);
			runOnlyForDeploymentPostprocessing = 0;
		};
/* End PBXResourcesBuildPhase section */

/* Begin PBXSourcesBuildPhase section */
		81656B351D44463400B58D0B /* Sources */ = {
			isa = PBXSourcesBuildPhase;
			buildActionMask = 2147483647;
			files = (
				818CFB881DC59BCE006511A9 /* OperationHistoryCell.swift in Sources */,
				818CFB8A1DC59E66006511A9 /* MathematicalOperation.swift in Sources */,
				8194BF171D46C6F10081E4C3 /* Extensions.swift in Sources */,
				81656B3F1D44463400B58D0B /* CalculatorViewController.swift in Sources */,
				8194BF151D45835B0081E4C3 /* Calculator.swift in Sources */,
				8177113D1ED8A269008D5BBA /* CoreDataModel.xcdatamodeld in Sources */,
				81656B3D1D44463400B58D0B /* AppDelegate.swift in Sources */,
			);
			runOnlyForDeploymentPostprocessing = 0;
		};
		819848051F4A9CC900FCE6A9 /* Sources */ = {
			isa = PBXSourcesBuildPhase;
			buildActionMask = 2147483647;
			files = (
				819848151F4A9CE600FCE6A9 /* CalculatorTests.swift in Sources */,
				819848171F4A9D2F00FCE6A9 /* Extensions.swift in Sources */,
				819848161F4A9D1D00FCE6A9 /* Calculator.swift in Sources */,
			);
			runOnlyForDeploymentPostprocessing = 0;
		};
		81E4CDFC1E022185000BCBB1 /* Sources */ = {
			isa = PBXSourcesBuildPhase;
			buildActionMask = 2147483647;
			files = (
				812B66BC1F491AA90092663B /* Extensions.swift in Sources */,
				812B66BD1F491AC80092663B /* MathematicalOperation.swift in Sources */,
				81E4CE081E022185000BCBB1 /* ExtensionDelegate.swift in Sources */,
				81E4CE061E022185000BCBB1 /* InterfaceController.swift in Sources */,
				8190A3111F48B42300BD5A80 /* Calculator.swift in Sources */,
			);
			runOnlyForDeploymentPostprocessing = 0;
		};
/* End PBXSourcesBuildPhase section */

/* Begin PBXTargetDependency section */
		8198480F1F4A9CC900FCE6A9 /* PBXTargetDependency */ = {
			isa = PBXTargetDependency;
			target = 81656B381D44463400B58D0B /* Calculator */;
			targetProxy = 8198480E1F4A9CC900FCE6A9 /* PBXContainerItemProxy */;
		};
		81E4CE031E022185000BCBB1 /* PBXTargetDependency */ = {
			isa = PBXTargetDependency;
			target = 81E4CDFF1E022185000BCBB1 /* Calculator_Watch Extension */;
			targetProxy = 81E4CE021E022185000BCBB1 /* PBXContainerItemProxy */;
		};
		81E4CE0D1E022185000BCBB1 /* PBXTargetDependency */ = {
			isa = PBXTargetDependency;
			target = 81E4CDF31E022185000BCBB1 /* Calculator_Watch */;
			targetProxy = 81E4CE0C1E022185000BCBB1 /* PBXContainerItemProxy */;
		};
/* End PBXTargetDependency section */

/* Begin PBXVariantGroup section */
		81656B401D44463400B58D0B /* Main.storyboard */ = {
			isa = PBXVariantGroup;
			children = (
				81656B411D44463400B58D0B /* Base */,
			);
			name = Main.storyboard;
			sourceTree = "<group>";
		};
		81656B481D44463500B58D0B /* LaunchScreen.storyboard */ = {
			isa = PBXVariantGroup;
			children = (
				81656B491D44463500B58D0B /* Base */,
			);
			name = LaunchScreen.storyboard;
			sourceTree = "<group>";
		};
		81E4CDF61E022185000BCBB1 /* Interface.storyboard */ = {
			isa = PBXVariantGroup;
			children = (
				81E4CDF71E022185000BCBB1 /* Base */,
			);
			name = Interface.storyboard;
			sourceTree = "<group>";
		};
/* End PBXVariantGroup section */

/* Begin XCBuildConfiguration section */
		81656B621D44463500B58D0B /* Debug */ = {
			isa = XCBuildConfiguration;
			buildSettings = {
				ALWAYS_SEARCH_USER_PATHS = NO;
				CLANG_ANALYZER_NONNULL = YES;
				CLANG_CXX_LANGUAGE_STANDARD = "gnu++0x";
				CLANG_CXX_LIBRARY = "libc++";
				CLANG_ENABLE_MODULES = YES;
				CLANG_ENABLE_OBJC_ARC = YES;
				CLANG_WARN_BLOCK_CAPTURE_AUTORELEASING = YES;
				CLANG_WARN_BOOL_CONVERSION = YES;
				CLANG_WARN_COMMA = YES;
				CLANG_WARN_CONSTANT_CONVERSION = YES;
				CLANG_WARN_DIRECT_OBJC_ISA_USAGE = YES_ERROR;
				CLANG_WARN_DOCUMENTATION_COMMENTS = YES;
				CLANG_WARN_EMPTY_BODY = YES;
				CLANG_WARN_ENUM_CONVERSION = YES;
				CLANG_WARN_INFINITE_RECURSION = YES;
				CLANG_WARN_INT_CONVERSION = YES;
				CLANG_WARN_NON_LITERAL_NULL_CONVERSION = YES;
				CLANG_WARN_OBJC_LITERAL_CONVERSION = YES;
				CLANG_WARN_OBJC_ROOT_CLASS = YES_ERROR;
				CLANG_WARN_RANGE_LOOP_ANALYSIS = YES;
				CLANG_WARN_STRICT_PROTOTYPES = YES;
				CLANG_WARN_SUSPICIOUS_MOVE = YES;
				CLANG_WARN_UNREACHABLE_CODE = YES;
				CLANG_WARN__DUPLICATE_METHOD_MATCH = YES;
				"CODE_SIGN_IDENTITY[sdk=iphoneos*]" = "iPhone Developer";
				COPY_PHASE_STRIP = NO;
				DEBUG_INFORMATION_FORMAT = dwarf;
				ENABLE_STRICT_OBJC_MSGSEND = YES;
				ENABLE_TESTABILITY = YES;
				GCC_C_LANGUAGE_STANDARD = gnu99;
				GCC_DYNAMIC_NO_PIC = NO;
				GCC_NO_COMMON_BLOCKS = YES;
				GCC_OPTIMIZATION_LEVEL = 0;
				GCC_PREPROCESSOR_DEFINITIONS = (
					"DEBUG=1",
					"$(inherited)",
				);
				GCC_WARN_64_TO_32_BIT_CONVERSION = YES;
				GCC_WARN_ABOUT_RETURN_TYPE = YES_ERROR;
				GCC_WARN_UNDECLARED_SELECTOR = YES;
				GCC_WARN_UNINITIALIZED_AUTOS = YES_AGGRESSIVE;
				GCC_WARN_UNUSED_FUNCTION = YES;
				GCC_WARN_UNUSED_VARIABLE = YES;
				IPHONEOS_DEPLOYMENT_TARGET = 10.3;
				MTL_ENABLE_DEBUG_INFO = YES;
				ONLY_ACTIVE_ARCH = YES;
				SDKROOT = iphoneos;
				SWIFT_ACTIVE_COMPILATION_CONDITIONS = DEBUG;
				SWIFT_OPTIMIZATION_LEVEL = "-Onone";
				SWIFT_SWIFT3_OBJC_INFERENCE = Off;
				TARGETED_DEVICE_FAMILY = "1,2";
			};
			name = Debug;
		};
		81656B631D44463500B58D0B /* Release */ = {
			isa = XCBuildConfiguration;
			buildSettings = {
				ALWAYS_SEARCH_USER_PATHS = NO;
				CLANG_ANALYZER_NONNULL = YES;
				CLANG_CXX_LANGUAGE_STANDARD = "gnu++0x";
				CLANG_CXX_LIBRARY = "libc++";
				CLANG_ENABLE_MODULES = YES;
				CLANG_ENABLE_OBJC_ARC = YES;
				CLANG_WARN_BLOCK_CAPTURE_AUTORELEASING = YES;
				CLANG_WARN_BOOL_CONVERSION = YES;
				CLANG_WARN_COMMA = YES;
				CLANG_WARN_CONSTANT_CONVERSION = YES;
				CLANG_WARN_DIRECT_OBJC_ISA_USAGE = YES_ERROR;
				CLANG_WARN_DOCUMENTATION_COMMENTS = YES;
				CLANG_WARN_EMPTY_BODY = YES;
				CLANG_WARN_ENUM_CONVERSION = YES;
				CLANG_WARN_INFINITE_RECURSION = YES;
				CLANG_WARN_INT_CONVERSION = YES;
				CLANG_WARN_NON_LITERAL_NULL_CONVERSION = YES;
				CLANG_WARN_OBJC_LITERAL_CONVERSION = YES;
				CLANG_WARN_OBJC_ROOT_CLASS = YES_ERROR;
				CLANG_WARN_RANGE_LOOP_ANALYSIS = YES;
				CLANG_WARN_STRICT_PROTOTYPES = YES;
				CLANG_WARN_SUSPICIOUS_MOVE = YES;
				CLANG_WARN_UNREACHABLE_CODE = YES;
				CLANG_WARN__DUPLICATE_METHOD_MATCH = YES;
				"CODE_SIGN_IDENTITY[sdk=iphoneos*]" = "iPhone Developer";
				COPY_PHASE_STRIP = NO;
				DEBUG_INFORMATION_FORMAT = "dwarf-with-dsym";
				ENABLE_NS_ASSERTIONS = NO;
				ENABLE_STRICT_OBJC_MSGSEND = YES;
				GCC_C_LANGUAGE_STANDARD = gnu99;
				GCC_NO_COMMON_BLOCKS = YES;
				GCC_WARN_64_TO_32_BIT_CONVERSION = YES;
				GCC_WARN_ABOUT_RETURN_TYPE = YES_ERROR;
				GCC_WARN_UNDECLARED_SELECTOR = YES;
				GCC_WARN_UNINITIALIZED_AUTOS = YES_AGGRESSIVE;
				GCC_WARN_UNUSED_FUNCTION = YES;
				GCC_WARN_UNUSED_VARIABLE = YES;
				IPHONEOS_DEPLOYMENT_TARGET = 10.3;
				MTL_ENABLE_DEBUG_INFO = NO;
				SDKROOT = iphoneos;
				SWIFT_OPTIMIZATION_LEVEL = "-Owholemodule";
				SWIFT_SWIFT3_OBJC_INFERENCE = Off;
				TARGETED_DEVICE_FAMILY = "1,2";
				VALIDATE_PRODUCT = YES;
			};
			name = Release;
		};
		81656B651D44463500B58D0B /* Debug */ = {
			isa = XCBuildConfiguration;
			buildSettings = {
				ASSETCATALOG_COMPILER_APPICON_NAME = AppIcon;
				CLANG_USE_OPTIMIZATION_PROFILE = YES;
				CLANG_X86_VECTOR_INSTRUCTIONS = sse4.2;
				"CODE_SIGN_IDENTITY[sdk=iphoneos*]" = "iPhone Developer";
				DEVELOPMENT_TEAM = 4VGZ98QQBU;
				EMBED_ASSET_PACKS_IN_PRODUCT_BUNDLE = YES;
				ENABLE_ON_DEMAND_RESOURCES = NO;
				GCC_OPTIMIZATION_LEVEL = s;
				INFOPLIST_FILE = Calculator/Info.plist;
				IPHONEOS_DEPLOYMENT_TARGET = 11.0;
				LD_RUNPATH_SEARCH_PATHS = "$(inherited) @executable_path/Frameworks";
				ONLY_ACTIVE_ARCH = YES;
				PRODUCT_BUNDLE_IDENTIFIER = com.Brandon.Phan.Calculator;
				PRODUCT_NAME = "$(TARGET_NAME)";
				SWIFT_SWIFT3_OBJC_INFERENCE = Off;
				SWIFT_VERSION = 4.0;
				TARGETED_DEVICE_FAMILY = 1;
			};
			name = Debug;
		};
		81656B661D44463500B58D0B /* Release */ = {
			isa = XCBuildConfiguration;
			buildSettings = {
				ASSETCATALOG_COMPILER_APPICON_NAME = AppIcon;
				CLANG_USE_OPTIMIZATION_PROFILE = YES;
				CLANG_X86_VECTOR_INSTRUCTIONS = sse4.2;
				"CODE_SIGN_IDENTITY[sdk=iphoneos*]" = "iPhone Developer";
				DEVELOPMENT_TEAM = 4VGZ98QQBU;
				EMBED_ASSET_PACKS_IN_PRODUCT_BUNDLE = YES;
				ENABLE_ON_DEMAND_RESOURCES = NO;
				GCC_OPTIMIZATION_LEVEL = s;
				INFOPLIST_FILE = Calculator/Info.plist;
				IPHONEOS_DEPLOYMENT_TARGET = 11.0;
				LD_RUNPATH_SEARCH_PATHS = "$(inherited) @executable_path/Frameworks";
				ONLY_ACTIVE_ARCH = NO;
				PRODUCT_BUNDLE_IDENTIFIER = com.Brandon.Phan.Calculator;
				PRODUCT_NAME = "$(TARGET_NAME)";
				SWIFT_SWIFT3_OBJC_INFERENCE = Off;
				SWIFT_VERSION = 4.0;
				TARGETED_DEVICE_FAMILY = 1;
			};
			name = Release;
		};
		819848111F4A9CC900FCE6A9 /* Debug */ = {
			isa = XCBuildConfiguration;
			buildSettings = {
				BUNDLE_LOADER = "$(TEST_HOST)";
				CLANG_ANALYZER_NUMBER_OBJECT_CONVERSION = YES_AGGRESSIVE;
				CLANG_CXX_LANGUAGE_STANDARD = "gnu++14";
				CLANG_ENABLE_MODULES = YES;
				CLANG_WARN_UNGUARDED_AVAILABILITY = YES_AGGRESSIVE;
				CODE_SIGN_IDENTITY = "iPhone Developer";
				DEVELOPMENT_TEAM = 4VGZ98QQBU;
				GCC_C_LANGUAGE_STANDARD = gnu11;
				INFOPLIST_FILE = CalculatorTests/Info.plist;
				IPHONEOS_DEPLOYMENT_TARGET = 11.0;
				LD_RUNPATH_SEARCH_PATHS = "$(inherited) @executable_path/Frameworks @loader_path/Frameworks";
				PRODUCT_BUNDLE_IDENTIFIER = com.BrandonPhan.CalculatorTests;
				PRODUCT_NAME = "$(TARGET_NAME)";
				SWIFT_OBJC_BRIDGING_HEADER = "CalculatorTests/CalculatorTests-Bridging-Header.h";
				SWIFT_OPTIMIZATION_LEVEL = "-Onone";
				SWIFT_VERSION = 4.0;
				TARGETED_DEVICE_FAMILY = "1,2";
				TEST_HOST = "$(BUILT_PRODUCTS_DIR)/Calculator.app/Calculator";
			};
			name = Debug;
		};
		819848121F4A9CC900FCE6A9 /* Release */ = {
			isa = XCBuildConfiguration;
			buildSettings = {
				BUNDLE_LOADER = "$(TEST_HOST)";
				CLANG_ANALYZER_NUMBER_OBJECT_CONVERSION = YES_AGGRESSIVE;
				CLANG_CXX_LANGUAGE_STANDARD = "gnu++14";
				CLANG_ENABLE_MODULES = YES;
				CLANG_WARN_UNGUARDED_AVAILABILITY = YES_AGGRESSIVE;
				CODE_SIGN_IDENTITY = "iPhone Developer";
				DEVELOPMENT_TEAM = 4VGZ98QQBU;
				GCC_C_LANGUAGE_STANDARD = gnu11;
				INFOPLIST_FILE = CalculatorTests/Info.plist;
				IPHONEOS_DEPLOYMENT_TARGET = 11.0;
				LD_RUNPATH_SEARCH_PATHS = "$(inherited) @executable_path/Frameworks @loader_path/Frameworks";
				PRODUCT_BUNDLE_IDENTIFIER = com.BrandonPhan.CalculatorTests;
				PRODUCT_NAME = "$(TARGET_NAME)";
				SWIFT_OBJC_BRIDGING_HEADER = "CalculatorTests/CalculatorTests-Bridging-Header.h";
				SWIFT_VERSION = 4.0;
				TARGETED_DEVICE_FAMILY = "1,2";
				TEST_HOST = "$(BUILT_PRODUCTS_DIR)/Calculator.app/Calculator";
			};
			name = Release;
		};
		81E4CE0F1E022185000BCBB1 /* Debug */ = {
			isa = XCBuildConfiguration;
			buildSettings = {
				ALWAYS_EMBED_SWIFT_STANDARD_LIBRARIES = YES;
				ASSETCATALOG_COMPILER_APPICON_NAME = AppIcon;
				DEVELOPMENT_TEAM = 4VGZ98QQBU;
				IBSC_MODULE = Calculator_Watch_Extension;
				INFOPLIST_FILE = Calculator_Watch/Info.plist;
				ONLY_ACTIVE_ARCH = NO;
				PRODUCT_BUNDLE_IDENTIFIER = com.Brandon.Phan.Calculator.watchkitapp;
				PRODUCT_NAME = "$(TARGET_NAME)";
				SDKROOT = watchos;
				SKIP_INSTALL = YES;
				SWIFT_SWIFT3_OBJC_INFERENCE = On;
				SWIFT_VERSION = 4.0;
				TARGETED_DEVICE_FAMILY = 4;
				WATCHOS_DEPLOYMENT_TARGET = 3.2;
			};
			name = Debug;
		};
		81E4CE101E022185000BCBB1 /* Release */ = {
			isa = XCBuildConfiguration;
			buildSettings = {
				ALWAYS_EMBED_SWIFT_STANDARD_LIBRARIES = YES;
				ASSETCATALOG_COMPILER_APPICON_NAME = AppIcon;
				DEVELOPMENT_TEAM = 4VGZ98QQBU;
				IBSC_MODULE = Calculator_Watch_Extension;
				INFOPLIST_FILE = Calculator_Watch/Info.plist;
				ONLY_ACTIVE_ARCH = YES;
				PRODUCT_BUNDLE_IDENTIFIER = com.Brandon.Phan.Calculator.watchkitapp;
				PRODUCT_NAME = "$(TARGET_NAME)";
				SDKROOT = watchos;
				SKIP_INSTALL = YES;
				SWIFT_SWIFT3_OBJC_INFERENCE = On;
				SWIFT_VERSION = 4.0;
				TARGETED_DEVICE_FAMILY = 4;
				WATCHOS_DEPLOYMENT_TARGET = 3.2;
			};
			name = Release;
		};
		81E4CE111E022185000BCBB1 /* Debug */ = {
			isa = XCBuildConfiguration;
			buildSettings = {
				ASSETCATALOG_COMPILER_COMPLICATION_NAME = Complication;
				DEVELOPMENT_TEAM = 4VGZ98QQBU;
				INFOPLIST_FILE = "Calculator_Watch Extension/Info.plist";
				LD_RUNPATH_SEARCH_PATHS = "$(inherited) @executable_path/Frameworks @executable_path/../../Frameworks";
				ONLY_ACTIVE_ARCH = NO;
				PRODUCT_BUNDLE_IDENTIFIER = com.Brandon.Phan.Calculator.watchkitapp.watchkitextension;
				PRODUCT_NAME = "${TARGET_NAME}";
				SDKROOT = watchos;
				SKIP_INSTALL = YES;
				SWIFT_SWIFT3_OBJC_INFERENCE = Off;
				SWIFT_VERSION = 4.0;
				TARGETED_DEVICE_FAMILY = 4;
				WATCHOS_DEPLOYMENT_TARGET = 3.1;
			};
			name = Debug;
		};
		81E4CE121E022185000BCBB1 /* Release */ = {
			isa = XCBuildConfiguration;
			buildSettings = {
				ASSETCATALOG_COMPILER_COMPLICATION_NAME = Complication;
				DEVELOPMENT_TEAM = 4VGZ98QQBU;
				INFOPLIST_FILE = "Calculator_Watch Extension/Info.plist";
				LD_RUNPATH_SEARCH_PATHS = "$(inherited) @executable_path/Frameworks @executable_path/../../Frameworks";
				ONLY_ACTIVE_ARCH = YES;
				PRODUCT_BUNDLE_IDENTIFIER = com.Brandon.Phan.Calculator.watchkitapp.watchkitextension;
				PRODUCT_NAME = "${TARGET_NAME}";
				SDKROOT = watchos;
				SKIP_INSTALL = YES;
				SWIFT_SWIFT3_OBJC_INFERENCE = Off;
				SWIFT_VERSION = 4.0;
				TARGETED_DEVICE_FAMILY = 4;
				WATCHOS_DEPLOYMENT_TARGET = 3.1;
			};
			name = Release;
		};
/* End XCBuildConfiguration section */

/* Begin XCConfigurationList section */
		81656B341D44463400B58D0B /* Build configuration list for PBXProject "Calculator" */ = {
			isa = XCConfigurationList;
			buildConfigurations = (
				81656B621D44463500B58D0B /* Debug */,
				81656B631D44463500B58D0B /* Release */,
			);
			defaultConfigurationIsVisible = 0;
			defaultConfigurationName = Release;
		};
		81656B641D44463500B58D0B /* Build configuration list for PBXNativeTarget "Calculator" */ = {
			isa = XCConfigurationList;
			buildConfigurations = (
				81656B651D44463500B58D0B /* Debug */,
				81656B661D44463500B58D0B /* Release */,
			);
			defaultConfigurationIsVisible = 0;
			defaultConfigurationName = Release;
		};
		819848101F4A9CC900FCE6A9 /* Build configuration list for PBXNativeTarget "CalculatorTests" */ = {
			isa = XCConfigurationList;
			buildConfigurations = (
				819848111F4A9CC900FCE6A9 /* Debug */,
				819848121F4A9CC900FCE6A9 /* Release */,
			);
			defaultConfigurationIsVisible = 0;
			defaultConfigurationName = Release;
		};
		81E4CE131E022185000BCBB1 /* Build configuration list for PBXNativeTarget "Calculator_Watch Extension" */ = {
			isa = XCConfigurationList;
			buildConfigurations = (
				81E4CE111E022185000BCBB1 /* Debug */,
				81E4CE121E022185000BCBB1 /* Release */,
			);
			defaultConfigurationIsVisible = 0;
			defaultConfigurationName = Release;
		};
		81E4CE151E022185000BCBB1 /* Build configuration list for PBXNativeTarget "Calculator_Watch" */ = {
			isa = XCConfigurationList;
			buildConfigurations = (
				81E4CE0F1E022185000BCBB1 /* Debug */,
				81E4CE101E022185000BCBB1 /* Release */,
			);
			defaultConfigurationIsVisible = 0;
			defaultConfigurationName = Release;
		};
/* End XCConfigurationList section */

/* Begin XCVersionGroup section */
		8177113B1ED8A269008D5BBA /* CoreDataModel.xcdatamodeld */ = {
			isa = XCVersionGroup;
			children = (
				8177113C1ED8A269008D5BBA /* CoreDataModel.xcdatamodel */,
			);
			currentVersion = 8177113C1ED8A269008D5BBA /* CoreDataModel.xcdatamodel */;
			path = CoreDataModel.xcdatamodeld;
			sourceTree = "<group>";
			versionGroupType = wrapper.xcdatamodel;
		};
/* End XCVersionGroup section */
	};
	rootObject = 81656B311D44463400B58D0B /* Project object */;
}
